
Microsoft Visual Studio Solution File, Format Version 12.00
# Visual Studio Version 17
VisualStudioVersion = 17.8.34525.116
MinimumVisualStudioVersion = 10.0.40219.1
Project("{8BC9CEB8-8B4A-11D0-8D11-00A0C91BC942}") = "Emulator", "Emulator\Emulator.vcxproj", "{133465D7-A13D-4EBE-A96B-6F40D4D0D8F0}"
EndProject
Project("{8BC9CEB8-8B4A-11D0-8D11-00A0C91BC942}") = "Core", "Core\Core.vcxproj", "{D6DDF5BE-1FD0-414B-B3C3-F06753A687F9}"
EndProject
Project("{8BC9CEB8-8B4A-11D0-8D11-00A0C91BC942}") = "CoreTest", "CoreTest\CoreTest.vcxproj", "{E79F30E0-A731-42DD-9E79-742CFE3DEE58}"
EndProject
Global
	GlobalSection(SolutionConfigurationPlatforms) = preSolution
		Debug|x64 = Debug|x64
		Debug|x86 = Debug|x86
		Release|x64 = Release|x64
		Release|x86 = Release|x86
	EndGlobalSection
	GlobalSection(ProjectConfigurationPlatforms) = postSolution
		{133465D7-A13D-4EBE-A96B-6F40D4D0D8F0}.Debug|x64.ActiveCfg = Debug|x64
		{133465D7-A13D-4EBE-A96B-6F40D4D0D8F0}.Debug|x64.Build.0 = Debug|x64
		{133465D7-A13D-4EBE-A96B-6F40D4D0D8F0}.Debug|x86.ActiveCfg = Debug|Win32
		{133465D7-A13D-4EBE-A96B-6F40D4D0D8F0}.Debug|x86.Build.0 = Debug|Win32
		{133465D7-A13D-4EBE-A96B-6F40D4D0D8F0}.Release|x64.ActiveCfg = Release|x64
		{133465D7-A13D-4EBE-A96B-6F40D4D0D8F0}.Release|x64.Build.0 = Release|x64
		{133465D7-A13D-4EBE-A96B-6F40D4D0D8F0}.Release|x86.ActiveCfg = Release|Win32
		{133465D7-A13D-4EBE-A96B-6F40D4D0D8F0}.Release|x86.Build.0 = Release|Win32
		{D6DDF5BE-1FD0-414B-B3C3-F06753A687F9}.Debug|x64.ActiveCfg = Debug|x64
		{D6DDF5BE-1FD0-414B-B3C3-F06753A687F9}.Debug|x64.Build.0 = Debug|x64
		{D6DDF5BE-1FD0-414B-B3C3-F06753A687F9}.Debug|x86.ActiveCfg = Debug|Win32
		{D6DDF5BE-1FD0-414B-B3C3-F06753A687F9}.Debug|x86.Build.0 = Debug|Win32
		{D6DDF5BE-1FD0-414B-B3C3-F06753A687F9}.Release|x64.ActiveCfg = Release|x64
		{D6DDF5BE-1FD0-414B-B3C3-F06753A687F9}.Release|x64.Build.0 = Release|x64
		{D6DDF5BE-1FD0-414B-B3C3-F06753A687F9}.Release|x86.ActiveCfg = Release|Win32
		{D6DDF5BE-1FD0-414B-B3C3-F06753A687F9}.Release|x86.Build.0 = Release|Win32
		{E79F30E0-A731-42DD-9E79-742CFE3DEE58}.Debug|x64.ActiveCfg = Debug|x64
		{E79F30E0-A731-42DD-9E79-742CFE3DEE58}.Debug|x64.Build.0 = Debug|x64
		{E79F30E0-A731-42DD-9E79-742CFE3DEE58}.Debug|x86.ActiveCfg = Debug|Win32
		{E79F30E0-A731-42DD-9E79-742CFE3DEE58}.Debug|x86.Build.0 = Debug|Win32
		{E79F30E0-A731-42DD-9E79-742CFE3DEE58}.Release|x64.ActiveCfg = Release|x64
		{E79F30E0-A731-42DD-9E79-742CFE3DEE58}.Release|x64.Build.0 = Release|x64
		{E79F30E0-A731-42DD-9E79-742CFE3DEE58}.Release|x86.ActiveCfg = Release|Win32
		{E79F30E0-A731-42DD-9E79-742CFE3DEE58}.Release|x86.Build.0 = Release|Win32
	EndGlobalSection
	GlobalSection(SolutionProperties) = preSolution
		HideSolutionNode = FALSE
	EndGlobalSection
	GlobalSection(ExtensibilityGlobals) = postSolution
		SolutionGuid = {9FA2AE85-1104-4597-AD32-F65A09FEC6DD}
	EndGlobalSection
EndGlobal
