<?xml version="1.0" encoding="utf-8"?>
<Project ToolsVersion="4.0" xmlns="http://schemas.microsoft.com/developer/msbuild/2003">
  <ItemGroup>
    <Filter Include="Source Files">
      <UniqueIdentifier>{4FC737F1-C7A5-4376-A066-2A32D752A2FF}</UniqueIdentifier>
      <Extensions>cpp;c;cc;cxx;c++;cppm;ixx;def;odl;idl;hpj;bat;asm;asmx</Extensions>
    </Filter>
    <Filter Include="Header Files">
      <UniqueIdentifier>{93995380-89BD-4b04-88EB-625FBE52EBFB}</UniqueIdentifier>
      <Extensions>h;hh;hpp;hxx;h++;hm;inl;inc;ipp;xsd</Extensions>
    </Filter>
    <Filter Include="Resource Files">
      <UniqueIdentifier>{67DA6AB6-F800-4c08-8B7A-83BB121AAD01}</UniqueIdentifier>
      <Extensions>rc;ico;cur;bmp;dlg;rc2;rct;bin;rgs;gif;jpg;jpeg;jpe;resx;tiff;tif;png;wav;mfcribbon-ms</Extensions>
    </Filter>
    <Filter Include="Header Files\stages">
      <UniqueIdentifier>{f329e3b9-c2a5-4ced-985b-b171675c730c}</UniqueIdentifier>
    </Filter>
    <Filter Include="Source Files\stages">
      <UniqueIdentifier>{35c44098-166d-4507-b88d-4fefd1f79250}</UniqueIdentifier>
    </Filter>
  </ItemGroup>
  <ItemGroup>
    <ClInclude Include="fetch.h">
      <Filter>Header Files\stages</Filter>
    </ClInclude>
    <ClInclude Include="decode.h">
      <Filter>Header Files\stages</Filter>
    </ClInclude>
    <ClInclude Include="execute.h">
      <Filter>Header Files\stages</Filter>
    </ClInclude>
    <ClInclude Include="memory.h">
      <Filter>Header Files\stages</Filter>
    </ClInclude>
    <ClInclude Include="write_back.h">
      <Filter>Header Files\stages</Filter>
    </ClInclude>
    <ClInclude Include="base_stage.h">
      <Filter>Header Files\stages</Filter>
    </ClInclude>
    <ClInclude Include="core.h">
      <Filter>Header Files</Filter>
    </ClInclude>
    <ClInclude Include="register.h">
      <Filter>Header Files</Filter>
    </ClInclude>
    <ClInclude Include="register_file.h">
      <Filter>Header Files</Filter>
    </ClInclude>
    <ClInclude Include="instruction.h">
      <Filter>Header Files</Filter>
    </ClInclude>
    <ClInclude Include="unified_memory.h">
      <Filter>Header Files</Filter>
    </ClInclude>
    <ClInclude Include="branch.h">
      <Filter>Header Files</Filter>
    </ClInclude>
    <ClInclude Include="alu.h">
      <Filter>Header Files</Filter>
    </ClInclude>
    <ClInclude Include="common.h">
      <Filter>Header Files</Filter>
    </ClInclude>
    <ClInclude Include="moving_average.h">
      <Filter>Header Files</Filter>
    </ClInclude>
    <ClInclude Include="video_control.h">
      <Filter>Header Files</Filter>
    </ClInclude>
  </ItemGroup>
  <ItemGroup>
    <ClCompile Include="decode.cpp">
      <Filter>Source Files\stages</Filter>
    </ClCompile>
    <ClCompile Include="execute.cpp">
      <Filter>Source Files\stages</Filter>
    </ClCompile>
    <ClCompile Include="fetch.cpp">
      <Filter>Source Files\stages</Filter>
    </ClCompile>
    <ClCompile Include="memory.cpp">
      <Filter>Source Files\stages</Filter>
    </ClCompile>
    <ClCompile Include="write_back.cpp">
      <Filter>Source Files\stages</Filter>
    </ClCompile>
    <ClCompile Include="core.cpp">
      <Filter>Source Files</Filter>
    </ClCompile>
    <ClCompile Include="instruction.cpp">
      <Filter>Source Files</Filter>
    </ClCompile>
    <ClCompile Include="driver.cpp">
      <Filter>Source Files</Filter>
    </ClCompile>
    <ClCompile Include="branch.cpp">
      <Filter>Source Files</Filter>
    </ClCompile>
    <ClCompile Include="common.cpp">
      <Filter>Source Files</Filter>
    </ClCompile>
    <ClCompile Include="alu.cpp">
      <Filter>Source Files</Filter>
    </ClCompile>
    <ClCompile Include="register_file.cpp">
      <Filter>Source Files</Filter>
    </ClCompile>
    <ClCompile Include="video_control.cpp">
      <Filter>Source Files</Filter>
    </ClCompile>
  </ItemGroup>
</Project>